// !$*UTF8*$!
{
	archiveVersion = 1;
	classes = {
	};
	objectVersion = 56;
	objects = {

/* Begin PBXBuildFile section */
		5C02C23829E0452A00A98C42 /* FolioListSegView.swift in Sources */ = {isa = PBXBuildFile; fileRef = 5C02C23729E0452A00A98C42 /* FolioListSegView.swift */; };
		5C2B2BE8295249F90056EFF3 /* TabBarNavigationView.swift in Sources */ = {isa = PBXBuildFile; fileRef = 5C2B2BE7295249F90056EFF3 /* TabBarNavigationView.swift */; };
		5C2B2BEA29524CB60056EFF3 /* SidebarNavigationView.swift in Sources */ = {isa = PBXBuildFile; fileRef = 5C2B2BE929524CB60056EFF3 /* SidebarNavigationView.swift */; };
		5C2B2BEC29536EE40056EFF3 /* AppDelegate.swift in Sources */ = {isa = PBXBuildFile; fileRef = 5C2B2BEB29536EE40056EFF3 /* AppDelegate.swift */; };
		5C323946292431A100619645 /* TiogaFoliosApp.swift in Sources */ = {isa = PBXBuildFile; fileRef = 5C323945292431A100619645 /* TiogaFoliosApp.swift */; };
		5C32394A292431A300619645 /* Assets.xcassets in Resources */ = {isa = PBXBuildFile; fileRef = 5C323949292431A300619645 /* Assets.xcassets */; };
		5C32394D292431A300619645 /* Preview Assets.xcassets in Resources */ = {isa = PBXBuildFile; fileRef = 5C32394C292431A300619645 /* Preview Assets.xcassets */; };
		5C32394F292431A300619645 /* Storage.swift in Sources */ = {isa = PBXBuildFile; fileRef = 5C32394E292431A300619645 /* Storage.swift */; };
		5C323952292431A300619645 /* TiogaFolios.xcdatamodeld in Sources */ = {isa = PBXBuildFile; fileRef = 5C323950292431A300619645 /* TiogaFolios.xcdatamodeld */; };
		5C32395D292431A300619645 /* TiogaFoliosTests.swift in Sources */ = {isa = PBXBuildFile; fileRef = 5C32395C292431A300619645 /* TiogaFoliosTests.swift */; };
		5C323967292431A300619645 /* TiogaFoliosUITests.swift in Sources */ = {isa = PBXBuildFile; fileRef = 5C323966292431A300619645 /* TiogaFoliosUITests.swift */; };
		5C323969292431A300619645 /* TiogaFoliosUITestsLaunchTests.swift in Sources */ = {isa = PBXBuildFile; fileRef = 5C323968292431A300619645 /* TiogaFoliosUITestsLaunchTests.swift */; };
		5C323977292432E600619645 /* Config.swift in Sources */ = {isa = PBXBuildFile; fileRef = 5C323976292432E600619645 /* Config.swift */; };
		5C32397C2925409900619645 /* NotesToDo.md in Resources */ = {isa = PBXBuildFile; fileRef = 5C32397B2925409900619645 /* NotesToDo.md */; };
		5C32397E29254C0F00619645 /* Folio.swift in Sources */ = {isa = PBXBuildFile; fileRef = 5C32397D29254C0F00619645 /* Folio.swift */; };
		5C32398129254C5F00619645 /* TemplateSources.swift in Sources */ = {isa = PBXBuildFile; fileRef = 5C32397F29254C5E00619645 /* TemplateSources.swift */; };
		5C32398229254C5F00619645 /* FolioTemplates.swift in Sources */ = {isa = PBXBuildFile; fileRef = 5C32398029254C5F00619645 /* FolioTemplates.swift */; };
		5C32398A29254CCB00619645 /* TagSources.swift in Sources */ = {isa = PBXBuildFile; fileRef = 5C32398429254CCA00619645 /* TagSources.swift */; };
		5C32398B29254CCB00619645 /* Asset.swift in Sources */ = {isa = PBXBuildFile; fileRef = 5C32398529254CCA00619645 /* Asset.swift */; };
		5C32398C29254CCB00619645 /* Fetching.swift in Sources */ = {isa = PBXBuildFile; fileRef = 5C32398629254CCA00619645 /* Fetching.swift */; };
		5C32398D29254CCB00619645 /* Tag.swift in Sources */ = {isa = PBXBuildFile; fileRef = 5C32398729254CCA00619645 /* Tag.swift */; };
		5C32398E29254CCB00619645 /* Extras.swift in Sources */ = {isa = PBXBuildFile; fileRef = 5C32398829254CCA00619645 /* Extras.swift */; };
		5C32398F29254CCB00619645 /* SelectableTag.swift in Sources */ = {isa = PBXBuildFile; fileRef = 5C32398929254CCA00619645 /* SelectableTag.swift */; };
		5C32399429254DFC00619645 /* MainView.swift in Sources */ = {isa = PBXBuildFile; fileRef = 5C32399329254DFC00619645 /* MainView.swift */; };
		5C3239A02925772B00619645 /* FolioAddToV.swift in Sources */ = {isa = PBXBuildFile; fileRef = 5C3239962925772B00619645 /* FolioAddToV.swift */; };
		5C3239A12925772B00619645 /* FolioCardItems.swift in Sources */ = {isa = PBXBuildFile; fileRef = 5C3239972925772B00619645 /* FolioCardItems.swift */; };
		5C3239A22925772B00619645 /* FolioCardV.swift in Sources */ = {isa = PBXBuildFile; fileRef = 5C3239982925772B00619645 /* FolioCardV.swift */; };
		5C3239A32925772B00619645 /* FolioCell.swift in Sources */ = {isa = PBXBuildFile; fileRef = 5C3239992925772B00619645 /* FolioCell.swift */; };
		5C3239A42925772B00619645 /* FolioDeltaView.swift in Sources */ = {isa = PBXBuildFile; fileRef = 5C32399A2925772B00619645 /* FolioDeltaView.swift */; };
		5C3239A52925772B00619645 /* FolioEditView.swift in Sources */ = {isa = PBXBuildFile; fileRef = 5C32399B2925772B00619645 /* FolioEditView.swift */; };
		5C3239A62925772B00619645 /* FolioListView.swift in Sources */ = {isa = PBXBuildFile; fileRef = 5C32399C2925772B00619645 /* FolioListView.swift */; };
		5C3239A72925772B00619645 /* FolioTagItems.swift in Sources */ = {isa = PBXBuildFile; fileRef = 5C32399D2925772B00619645 /* FolioTagItems.swift */; };
		5C3239A92925772B00619645 /* FolioVM.swift in Sources */ = {isa = PBXBuildFile; fileRef = 5C32399F2925772B00619645 /* FolioVM.swift */; };
		5C3239B12925774800619645 /* FolioTemplCell.swift in Sources */ = {isa = PBXBuildFile; fileRef = 5C3239AC2925774800619645 /* FolioTemplCell.swift */; };
		5C3239B22925774800619645 /* FolioTemplListView.swift in Sources */ = {isa = PBXBuildFile; fileRef = 5C3239AD2925774800619645 /* FolioTemplListView.swift */; };
		5C3239B32925774800619645 /* FolioTemplView.swift in Sources */ = {isa = PBXBuildFile; fileRef = 5C3239AE2925774800619645 /* FolioTemplView.swift */; };
		5C3239BC2925796200619645 /* AttachDocs.swift in Sources */ = {isa = PBXBuildFile; fileRef = 5C3239B72925796200619645 /* AttachDocs.swift */; };
		5C3239BD2925796200619645 /* BlobToTempFile.swift in Sources */ = {isa = PBXBuildFile; fileRef = 5C3239B82925796200619645 /* BlobToTempFile.swift */; };
		5C3239BE2925796200619645 /* FileAssetDetail.swift in Sources */ = {isa = PBXBuildFile; fileRef = 5C3239B92925796200619645 /* FileAssetDetail.swift */; };
		5C3239BF2925796200619645 /* FileAssetList.swift in Sources */ = {isa = PBXBuildFile; fileRef = 5C3239BA2925796200619645 /* FileAssetList.swift */; };
		5C3239C02925796200619645 /* FileAssetPreview.swift in Sources */ = {isa = PBXBuildFile; fileRef = 5C3239BB2925796200619645 /* FileAssetPreview.swift */; };
		5C3239CB2925796F00619645 /* ContentTagView.swift in Sources */ = {isa = PBXBuildFile; fileRef = 5C3239C22925796F00619645 /* ContentTagView.swift */; };
		5C3239CC2925796F00619645 /* FlexiblePicker.swift in Sources */ = {isa = PBXBuildFile; fileRef = 5C3239C32925796F00619645 /* FlexiblePicker.swift */; };
		5C3239CD2925796F00619645 /* FolioListByTag.swift in Sources */ = {isa = PBXBuildFile; fileRef = 5C3239C42925796F00619645 /* FolioListByTag.swift */; };
		5C3239CE2925796F00619645 /* FontWeight.swift in Sources */ = {isa = PBXBuildFile; fileRef = 5C3239C52925796F00619645 /* FontWeight.swift */; };
		5C3239CF2925796F00619645 /* TagEditView.swift in Sources */ = {isa = PBXBuildFile; fileRef = 5C3239C62925796F00619645 /* TagEditView.swift */; };
		5C3239D02925796F00619645 /* TaggerView.swift in Sources */ = {isa = PBXBuildFile; fileRef = 5C3239C72925796F00619645 /* TaggerView.swift */; };
		5C3239D12925796F00619645 /* TagKindListView.swift in Sources */ = {isa = PBXBuildFile; fileRef = 5C3239C82925796F00619645 /* TagKindListView.swift */; };
		5C3239D22925796F00619645 /* TagListView.swift in Sources */ = {isa = PBXBuildFile; fileRef = 5C3239C92925796F00619645 /* TagListView.swift */; };
		5C3239D32925796F00619645 /* TagView.swift in Sources */ = {isa = PBXBuildFile; fileRef = 5C3239CA2925796F00619645 /* TagView.swift */; };
		5C3239D629257BF800619645 /* CloudKit.framework in Frameworks */ = {isa = PBXBuildFile; fileRef = 5C3239D529257BF700619645 /* CloudKit.framework */; };
		5C3C5A12299D570D00081F8D /* StorageHelper.swift in Sources */ = {isa = PBXBuildFile; fileRef = 5C3C5A11299D570D00081F8D /* StorageHelper.swift */; };
		5C3C5A1429B7849800081F8D /* NewNoteView.swift in Sources */ = {isa = PBXBuildFile; fileRef = 5C3C5A1329B7849800081F8D /* NewNoteView.swift */; };
		5C3C5A1629BA267800081F8D /* ManagingSharesView.swift in Sources */ = {isa = PBXBuildFile; fileRef = 5C3C5A1529BA267800081F8D /* ManagingSharesView.swift */; };
		5C3C5A1829BA268100081F8D /* ParticipantView.swift in Sources */ = {isa = PBXBuildFile; fileRef = 5C3C5A1729BA268100081F8D /* ParticipantView.swift */; };
		5C3C5A1A29BA269200081F8D /* AddToExistingShareView.swift in Sources */ = {isa = PBXBuildFile; fileRef = 5C3C5A1929BA269200081F8D /* AddToExistingShareView.swift */; };
		5C3C5A1C29BA26DD00081F8D /* SharePickerView.swift in Sources */ = {isa = PBXBuildFile; fileRef = 5C3C5A1B29BA26DD00081F8D /* SharePickerView.swift */; };
		5C3C5A1E29BA276A00081F8D /* Storage+Share.swift in Sources */ = {isa = PBXBuildFile; fileRef = 5C3C5A1D29BA276A00081F8D /* Storage+Share.swift */; };
		5C3C5A2029BB879600081F8D /* StorageHelper.swift in Sources */ = {isa = PBXBuildFile; fileRef = 5C3C5A11299D570D00081F8D /* StorageHelper.swift */; };
		5C3EF860292BD61A007CAAB6 /* SettingsView.swift in Sources */ = {isa = PBXBuildFile; fileRef = 5C3EF85F292BD61A007CAAB6 /* SettingsView.swift */; };
		5C3EF862292BD8F4007CAAB6 /* SplashView.swift in Sources */ = {isa = PBXBuildFile; fileRef = 5C3EF861292BD8F4007CAAB6 /* SplashView.swift */; };
		5C3EF86A292BDCA4007CAAB6 /* ShareViewController.swift in Sources */ = {isa = PBXBuildFile; fileRef = 5C3EF869292BDCA4007CAAB6 /* ShareViewController.swift */; };
		5C3EF86D292BDCA4007CAAB6 /* MainInterface.storyboard in Resources */ = {isa = PBXBuildFile; fileRef = 5C3EF86B292BDCA4007CAAB6 /* MainInterface.storyboard */; };
		5C3EF871292BDCA4007CAAB6 /* Archive It.appex in Embed Foundation Extensions */ = {isa = PBXBuildFile; fileRef = 5C3EF867292BDCA4007CAAB6 /* Archive It.appex */; settings = {ATTRIBUTES = (RemoveHeadersOnCopy, ); }; };
		5C3EF87B292BDD02007CAAB6 /* ShareSelectViewController.swift in Sources */ = {isa = PBXBuildFile; fileRef = 5C3EF87A292BDD02007CAAB6 /* ShareSelectViewController.swift */; };
		5C3EF87C292BDD48007CAAB6 /* Asset.swift in Sources */ = {isa = PBXBuildFile; fileRef = 5C32398529254CCA00619645 /* Asset.swift */; };
		5C3EF87D292BDD4E007CAAB6 /* Tag.swift in Sources */ = {isa = PBXBuildFile; fileRef = 5C32398729254CCA00619645 /* Tag.swift */; };
		5C3EF87E292BDD52007CAAB6 /* Folio.swift in Sources */ = {isa = PBXBuildFile; fileRef = 5C32397D29254C0F00619645 /* Folio.swift */; };
		5C3EF87F292BDD57007CAAB6 /* Config.swift in Sources */ = {isa = PBXBuildFile; fileRef = 5C323976292432E600619645 /* Config.swift */; };
		5C3EF880292BDD5B007CAAB6 /* Storage.swift in Sources */ = {isa = PBXBuildFile; fileRef = 5C32394E292431A300619645 /* Storage.swift */; };
		5C3EF881292BDD71007CAAB6 /* TiogaFolios.xcdatamodeld in Sources */ = {isa = PBXBuildFile; fileRef = 5C323950292431A300619645 /* TiogaFolios.xcdatamodeld */; };
		5C3EF882292BDDAA007CAAB6 /* Fetching.swift in Sources */ = {isa = PBXBuildFile; fileRef = 5C32398629254CCA00619645 /* Fetching.swift */; };
		5C3EF883292BDDF1007CAAB6 /* SelectableTag.swift in Sources */ = {isa = PBXBuildFile; fileRef = 5C32398929254CCA00619645 /* SelectableTag.swift */; };
		5C3EF884292BDDFB007CAAB6 /* TagSources.swift in Sources */ = {isa = PBXBuildFile; fileRef = 5C32398429254CCA00619645 /* TagSources.swift */; };
		5C3EF885292BDE38007CAAB6 /* FolioTemplates.swift in Sources */ = {isa = PBXBuildFile; fileRef = 5C32398029254C5F00619645 /* FolioTemplates.swift */; };
		5C3EF888292C0FB0007CAAB6 /* ChooseFolio.swift in Sources */ = {isa = PBXBuildFile; fileRef = 5C3EF887292C0FB0007CAAB6 /* ChooseFolio.swift */; };
		5C7533E6297ADABB006867D3 /* MissingAssetView.swift in Sources */ = {isa = PBXBuildFile; fileRef = 5C7533E5297ADABB006867D3 /* MissingAssetView.swift */; };
		5C7D96DF29BF664A00D9948D /* Globals.swift in Sources */ = {isa = PBXBuildFile; fileRef = 5C7D96DE29BF664A00D9948D /* Globals.swift */; };
		5C7D96E029BF665A00D9948D /* Globals.swift in Sources */ = {isa = PBXBuildFile; fileRef = 5C7D96DE29BF664A00D9948D /* Globals.swift */; };
		5C820580297877860007CF70 /* ArchivedListView.swift in Sources */ = {isa = PBXBuildFile; fileRef = 5C82057F297877860007CF70 /* ArchivedListView.swift */; };
		5C84346229437E9A005B0051 /* NoteEditView.swift in Sources */ = {isa = PBXBuildFile; fileRef = 5C84346129437E9A005B0051 /* NoteEditView.swift */; };
		5C85EDE32938F6390087EFBE /* 1DecSchema.txt in Resources */ = {isa = PBXBuildFile; fileRef = 5C85EDE22938F6390087EFBE /* 1DecSchema.txt */; };
		5C8D5CD42A03D82300B1382F /* TagJSON.swift in Sources */ = {isa = PBXBuildFile; fileRef = 5C8D5CD32A03D82300B1382F /* TagJSON.swift */; };
		5C8D5CD62A03DCE500B1382F /* JSONLoadStore.swift in Sources */ = {isa = PBXBuildFile; fileRef = 5C8D5CD52A03DCE500B1382F /* JSONLoadStore.swift */; };
		5C8D5CD82A09380D00B1382F /* SharingEx in Resources */ = {isa = PBXBuildFile; fileRef = 5C8D5CD72A09380D00B1382F /* SharingEx */; };
		5C8D5CDA2A09986900B1382F /* ShareController.swift in Sources */ = {isa = PBXBuildFile; fileRef = 5C8D5CD92A09986900B1382F /* ShareController.swift */; };
		5CA4EC4A29D32AE1004D11BB /* Storage+DeDupe.swift in Sources */ = {isa = PBXBuildFile; fileRef = 5CA4EC4929D32AE1004D11BB /* Storage+DeDupe.swift */; };
		5CA4EC4C29D32E48004D11BB /* Storage+DeDupe.swift in Sources */ = {isa = PBXBuildFile; fileRef = 5CA4EC4929D32AE1004D11BB /* Storage+DeDupe.swift */; };
		5CB910E129AFE85C0027E41C /* FolioDetailView.swift in Sources */ = {isa = PBXBuildFile; fileRef = 5CB910E029AFE85C0027E41C /* FolioDetailView.swift */; };
		5CBFE2692A0A8E6A0014C6AD /* ShareTestListView.swift in Sources */ = {isa = PBXBuildFile; fileRef = 5CBFE2682A0A8E6A0014C6AD /* ShareTestListView.swift */; };
		5CBFE26B2A0AD05F0014C6AD /* FolioShareMetadataView.swift in Sources */ = {isa = PBXBuildFile; fileRef = 5CBFE26A2A0AD05F0014C6AD /* FolioShareMetadataView.swift */; };
		5CBFE26D2A0AD1730014C6AD /* FolioMiniDetailView.swift in Sources */ = {isa = PBXBuildFile; fileRef = 5CBFE26C2A0AD1730014C6AD /* FolioMiniDetailView.swift */; };
		5CC74C07294A821D00BE831F /* AssetRow.swift in Sources */ = {isa = PBXBuildFile; fileRef = 5CC74C06294A821D00BE831F /* AssetRow.swift */; };
		5CDCA80B2933BDA200FCF50B /* FolioViewMenu.swift in Sources */ = {isa = PBXBuildFile; fileRef = 5CDCA80A2933BDA200FCF50B /* FolioViewMenu.swift */; };
		5CDCA80D293518AE00FCF50B /* SearchFolioView.swift in Sources */ = {isa = PBXBuildFile; fileRef = 5CDCA80C293518AE00FCF50B /* SearchFolioView.swift */; };
		5CDCA80F293796F300FCF50B /* set_build_number.sh in Resources */ = {isa = PBXBuildFile; fileRef = 5CDCA80E293796F300FCF50B /* set_build_number.sh */; };
		5CDCA8122937B6B100FCF50B /* FileAssetDeltaView.swift in Sources */ = {isa = PBXBuildFile; fileRef = 5CDCA8112937B6B100FCF50B /* FileAssetDeltaView.swift */; };
		5CE60D2F296628870050304D /* CustomShareViewController.swift in Sources */ = {isa = PBXBuildFile; fileRef = 5CE60D2E296628870050304D /* CustomShareViewController.swift */; };
		5CE60D31296C84490050304D /* FileAssetEditList.swift in Sources */ = {isa = PBXBuildFile; fileRef = 5CE60D30296C84490050304D /* FileAssetEditList.swift */; };
		5CEDC3BA2963312300FDB600 /* WebView.swift in Sources */ = {isa = PBXBuildFile; fileRef = 5CEDC3B92963312300FDB600 /* WebView.swift */; };
		5CEDC3BC2964C61400FDB600 /* SUBQUERY in Resources */ = {isa = PBXBuildFile; fileRef = 5CEDC3BB2964C61400FDB600 /* SUBQUERY */; };
		5CEDC3BF2964D67400FDB600 /* ScannerView.swift in Sources */ = {isa = PBXBuildFile; fileRef = 5CEDC3BE2964D67400FDB600 /* ScannerView.swift */; };
		5CEE4E5D2A0BC0B200FCA9E3 /* CloudSharingSheet.swift in Sources */ = {isa = PBXBuildFile; fileRef = 5CEE4E5C2A0BC0B200FCA9E3 /* CloudSharingSheet.swift */; };
		5CF13CA82A40AE1800B7B21C /* OnboardingViewPure.swift in Sources */ = {isa = PBXBuildFile; fileRef = 5CF13CA42A40AE1700B7B21C /* OnboardingViewPure.swift */; };
		5CF13CA92A40AE1800B7B21C /* OnboardingStepView.swift in Sources */ = {isa = PBXBuildFile; fileRef = 5CF13CA52A40AE1800B7B21C /* OnboardingStepView.swift */; };
		5CF13CAA2A40AE1800B7B21C /* OnboardingDataModel.swift in Sources */ = {isa = PBXBuildFile; fileRef = 5CF13CA62A40AE1800B7B21C /* OnboardingDataModel.swift */; };
		5CF13CAB2A40AE1800B7B21C /* OnboardView.swift in Sources */ = {isa = PBXBuildFile; fileRef = 5CF13CA72A40AE1800B7B21C /* OnboardView.swift */; };
		5CF821C42A4B58EB00659100 /* WideNavView.swift in Sources */ = {isa = PBXBuildFile; fileRef = 5CF821C32A4B58EB00659100 /* WideNavView.swift */; };
/* End PBXBuildFile section */

/* Begin PBXContainerItemProxy section */
		5C323959292431A300619645 /* PBXContainerItemProxy */ = {
			isa = PBXContainerItemProxy;
			containerPortal = 5C32393A292431A100619645 /* Project object */;
			proxyType = 1;
			remoteGlobalIDString = 5C323941292431A100619645;
			remoteInfo = TiogaFolios;
		};
		5C323963292431A300619645 /* PBXContainerItemProxy */ = {
			isa = PBXContainerItemProxy;
			containerPortal = 5C32393A292431A100619645 /* Project object */;
			proxyType = 1;
			remoteGlobalIDString = 5C323941292431A100619645;
			remoteInfo = TiogaFolios;
		};
		5C3EF86F292BDCA4007CAAB6 /* PBXContainerItemProxy */ = {
			isa = PBXContainerItemProxy;
			containerPortal = 5C32393A292431A100619645 /* Project object */;
			proxyType = 1;
			remoteGlobalIDString = 5C3EF866292BDCA4007CAAB6;
			remoteInfo = "Archive It";
		};
/* End PBXContainerItemProxy section */

/* Begin PBXCopyFilesBuildPhase section */
		5C3EF875292BDCA4007CAAB6 /* Embed Foundation Extensions */ = {
			isa = PBXCopyFilesBuildPhase;
			buildActionMask = 2147483647;
			dstPath = "";
			dstSubfolderSpec = 13;
			files = (
				5C3EF871292BDCA4007CAAB6 /* Archive It.appex in Embed Foundation Extensions */,
			);
			name = "Embed Foundation Extensions";
			runOnlyForDeploymentPostprocessing = 0;
		};
/* End PBXCopyFilesBuildPhase section */

/* Begin PBXFileReference section */
		5C02C23729E0452A00A98C42 /* FolioListSegView.swift */ = {isa = PBXFileReference; lastKnownFileType = sourcecode.swift; path = FolioListSegView.swift; sourceTree = "<group>"; };
		5C2B2BE7295249F90056EFF3 /* TabBarNavigationView.swift */ = {isa = PBXFileReference; lastKnownFileType = sourcecode.swift; path = TabBarNavigationView.swift; sourceTree = "<group>"; };
		5C2B2BE929524CB60056EFF3 /* SidebarNavigationView.swift */ = {isa = PBXFileReference; lastKnownFileType = sourcecode.swift; path = SidebarNavigationView.swift; sourceTree = "<group>"; };
		5C2B2BEB29536EE40056EFF3 /* AppDelegate.swift */ = {isa = PBXFileReference; lastKnownFileType = sourcecode.swift; path = AppDelegate.swift; sourceTree = "<group>"; };
		5C323942292431A100619645 /* TiogaFolios.app */ = {isa = PBXFileReference; explicitFileType = wrapper.application; includeInIndex = 0; path = TiogaFolios.app; sourceTree = BUILT_PRODUCTS_DIR; };
		5C323945292431A100619645 /* TiogaFoliosApp.swift */ = {isa = PBXFileReference; lastKnownFileType = sourcecode.swift; path = TiogaFoliosApp.swift; sourceTree = "<group>"; };
		5C323949292431A300619645 /* Assets.xcassets */ = {isa = PBXFileReference; lastKnownFileType = folder.assetcatalog; path = Assets.xcassets; sourceTree = "<group>"; };
		5C32394C292431A300619645 /* Preview Assets.xcassets */ = {isa = PBXFileReference; lastKnownFileType = folder.assetcatalog; path = "Preview Assets.xcassets"; sourceTree = "<group>"; };
		5C32394E292431A300619645 /* Storage.swift */ = {isa = PBXFileReference; lastKnownFileType = sourcecode.swift; path = Storage.swift; sourceTree = "<group>"; };
		5C323951292431A300619645 /* TiogaFolios.xcdatamodel */ = {isa = PBXFileReference; lastKnownFileType = wrapper.xcdatamodel; path = TiogaFolios.xcdatamodel; sourceTree = "<group>"; };
		5C323953292431A300619645 /* Info.plist */ = {isa = PBXFileReference; lastKnownFileType = text.plist.xml; path = Info.plist; sourceTree = "<group>"; };
		5C323958292431A300619645 /* TiogaFoliosTests.xctest */ = {isa = PBXFileReference; explicitFileType = wrapper.cfbundle; includeInIndex = 0; path = TiogaFoliosTests.xctest; sourceTree = BUILT_PRODUCTS_DIR; };
		5C32395C292431A300619645 /* TiogaFoliosTests.swift */ = {isa = PBXFileReference; lastKnownFileType = sourcecode.swift; path = TiogaFoliosTests.swift; sourceTree = "<group>"; };
		5C323962292431A300619645 /* TiogaFoliosUITests.xctest */ = {isa = PBXFileReference; explicitFileType = wrapper.cfbundle; includeInIndex = 0; path = TiogaFoliosUITests.xctest; sourceTree = BUILT_PRODUCTS_DIR; };
		5C323966292431A300619645 /* TiogaFoliosUITests.swift */ = {isa = PBXFileReference; lastKnownFileType = sourcecode.swift; path = TiogaFoliosUITests.swift; sourceTree = "<group>"; };
		5C323968292431A300619645 /* TiogaFoliosUITestsLaunchTests.swift */ = {isa = PBXFileReference; lastKnownFileType = sourcecode.swift; path = TiogaFoliosUITestsLaunchTests.swift; sourceTree = "<group>"; };
		5C323976292432E600619645 /* Config.swift */ = {isa = PBXFileReference; fileEncoding = 4; lastKnownFileType = sourcecode.swift; path = Config.swift; sourceTree = "<group>"; };
		5C323978292433E000619645 /* TiogaFolios.entitlements */ = {isa = PBXFileReference; lastKnownFileType = text.plist.entitlements; path = TiogaFolios.entitlements; sourceTree = "<group>"; };
		5C32397A29253BFD00619645 /* DataModelNotes.md */ = {isa = PBXFileReference; lastKnownFileType = net.daringfireball.markdown; path = DataModelNotes.md; sourceTree = "<group>"; };
		5C32397B2925409900619645 /* NotesToDo.md */ = {isa = PBXFileReference; lastKnownFileType = net.daringfireball.markdown; path = NotesToDo.md; sourceTree = "<group>"; };
		5C32397D29254C0F00619645 /* Folio.swift */ = {isa = PBXFileReference; fileEncoding = 4; lastKnownFileType = sourcecode.swift; path = Folio.swift; sourceTree = "<group>"; };
		5C32397F29254C5E00619645 /* TemplateSources.swift */ = {isa = PBXFileReference; fileEncoding = 4; lastKnownFileType = sourcecode.swift; path = TemplateSources.swift; sourceTree = "<group>"; };
		5C32398029254C5F00619645 /* FolioTemplates.swift */ = {isa = PBXFileReference; fileEncoding = 4; lastKnownFileType = sourcecode.swift; path = FolioTemplates.swift; sourceTree = "<group>"; };
		5C32398429254CCA00619645 /* TagSources.swift */ = {isa = PBXFileReference; fileEncoding = 4; lastKnownFileType = sourcecode.swift; path = TagSources.swift; sourceTree = "<group>"; };
		5C32398529254CCA00619645 /* Asset.swift */ = {isa = PBXFileReference; fileEncoding = 4; lastKnownFileType = sourcecode.swift; path = Asset.swift; sourceTree = "<group>"; };
		5C32398629254CCA00619645 /* Fetching.swift */ = {isa = PBXFileReference; fileEncoding = 4; lastKnownFileType = sourcecode.swift; path = Fetching.swift; sourceTree = "<group>"; };
		5C32398729254CCA00619645 /* Tag.swift */ = {isa = PBXFileReference; fileEncoding = 4; lastKnownFileType = sourcecode.swift; path = Tag.swift; sourceTree = "<group>"; };
		5C32398829254CCA00619645 /* Extras.swift */ = {isa = PBXFileReference; fileEncoding = 4; lastKnownFileType = sourcecode.swift; path = Extras.swift; sourceTree = "<group>"; };
		5C32398929254CCA00619645 /* SelectableTag.swift */ = {isa = PBXFileReference; fileEncoding = 4; lastKnownFileType = sourcecode.swift; path = SelectableTag.swift; sourceTree = "<group>"; };
		5C32399329254DFC00619645 /* MainView.swift */ = {isa = PBXFileReference; fileEncoding = 4; lastKnownFileType = sourcecode.swift; path = MainView.swift; sourceTree = "<group>"; };
		5C3239962925772B00619645 /* FolioAddToV.swift */ = {isa = PBXFileReference; fileEncoding = 4; lastKnownFileType = sourcecode.swift; path = FolioAddToV.swift; sourceTree = "<group>"; };
		5C3239972925772B00619645 /* FolioCardItems.swift */ = {isa = PBXFileReference; fileEncoding = 4; lastKnownFileType = sourcecode.swift; path = FolioCardItems.swift; sourceTree = "<group>"; };
		5C3239982925772B00619645 /* FolioCardV.swift */ = {isa = PBXFileReference; fileEncoding = 4; lastKnownFileType = sourcecode.swift; path = FolioCardV.swift; sourceTree = "<group>"; };
		5C3239992925772B00619645 /* FolioCell.swift */ = {isa = PBXFileReference; fileEncoding = 4; lastKnownFileType = sourcecode.swift; path = FolioCell.swift; sourceTree = "<group>"; };
		5C32399A2925772B00619645 /* FolioDeltaView.swift */ = {isa = PBXFileReference; fileEncoding = 4; lastKnownFileType = sourcecode.swift; path = FolioDeltaView.swift; sourceTree = "<group>"; };
		5C32399B2925772B00619645 /* FolioEditView.swift */ = {isa = PBXFileReference; fileEncoding = 4; lastKnownFileType = sourcecode.swift; path = FolioEditView.swift; sourceTree = "<group>"; };
		5C32399C2925772B00619645 /* FolioListView.swift */ = {isa = PBXFileReference; fileEncoding = 4; lastKnownFileType = sourcecode.swift; path = FolioListView.swift; sourceTree = "<group>"; };
		5C32399D2925772B00619645 /* FolioTagItems.swift */ = {isa = PBXFileReference; fileEncoding = 4; lastKnownFileType = sourcecode.swift; path = FolioTagItems.swift; sourceTree = "<group>"; };
		5C32399F2925772B00619645 /* FolioVM.swift */ = {isa = PBXFileReference; fileEncoding = 4; lastKnownFileType = sourcecode.swift; path = FolioVM.swift; sourceTree = "<group>"; };
		5C3239AC2925774800619645 /* FolioTemplCell.swift */ = {isa = PBXFileReference; fileEncoding = 4; lastKnownFileType = sourcecode.swift; path = FolioTemplCell.swift; sourceTree = "<group>"; };
		5C3239AD2925774800619645 /* FolioTemplListView.swift */ = {isa = PBXFileReference; fileEncoding = 4; lastKnownFileType = sourcecode.swift; path = FolioTemplListView.swift; sourceTree = "<group>"; };
		5C3239AE2925774800619645 /* FolioTemplView.swift */ = {isa = PBXFileReference; fileEncoding = 4; lastKnownFileType = sourcecode.swift; path = FolioTemplView.swift; sourceTree = "<group>"; };
		5C3239B72925796200619645 /* AttachDocs.swift */ = {isa = PBXFileReference; fileEncoding = 4; lastKnownFileType = sourcecode.swift; path = AttachDocs.swift; sourceTree = "<group>"; };
		5C3239B82925796200619645 /* BlobToTempFile.swift */ = {isa = PBXFileReference; fileEncoding = 4; lastKnownFileType = sourcecode.swift; path = BlobToTempFile.swift; sourceTree = "<group>"; };
		5C3239B92925796200619645 /* FileAssetDetail.swift */ = {isa = PBXFileReference; fileEncoding = 4; lastKnownFileType = sourcecode.swift; path = FileAssetDetail.swift; sourceTree = "<group>"; };
		5C3239BA2925796200619645 /* FileAssetList.swift */ = {isa = PBXFileReference; fileEncoding = 4; lastKnownFileType = sourcecode.swift; path = FileAssetList.swift; sourceTree = "<group>"; };
		5C3239BB2925796200619645 /* FileAssetPreview.swift */ = {isa = PBXFileReference; fileEncoding = 4; lastKnownFileType = sourcecode.swift; path = FileAssetPreview.swift; sourceTree = "<group>"; };
		5C3239C22925796F00619645 /* ContentTagView.swift */ = {isa = PBXFileReference; fileEncoding = 4; lastKnownFileType = sourcecode.swift; path = ContentTagView.swift; sourceTree = "<group>"; };
		5C3239C32925796F00619645 /* FlexiblePicker.swift */ = {isa = PBXFileReference; fileEncoding = 4; lastKnownFileType = sourcecode.swift; path = FlexiblePicker.swift; sourceTree = "<group>"; };
		5C3239C42925796F00619645 /* FolioListByTag.swift */ = {isa = PBXFileReference; fileEncoding = 4; lastKnownFileType = sourcecode.swift; path = FolioListByTag.swift; sourceTree = "<group>"; };
		5C3239C52925796F00619645 /* FontWeight.swift */ = {isa = PBXFileReference; fileEncoding = 4; lastKnownFileType = sourcecode.swift; path = FontWeight.swift; sourceTree = "<group>"; };
		5C3239C62925796F00619645 /* TagEditView.swift */ = {isa = PBXFileReference; fileEncoding = 4; lastKnownFileType = sourcecode.swift; path = TagEditView.swift; sourceTree = "<group>"; };
		5C3239C72925796F00619645 /* TaggerView.swift */ = {isa = PBXFileReference; fileEncoding = 4; lastKnownFileType = sourcecode.swift; path = TaggerView.swift; sourceTree = "<group>"; };
		5C3239C82925796F00619645 /* TagKindListView.swift */ = {isa = PBXFileReference; fileEncoding = 4; lastKnownFileType = sourcecode.swift; path = TagKindListView.swift; sourceTree = "<group>"; };
		5C3239C92925796F00619645 /* TagListView.swift */ = {isa = PBXFileReference; fileEncoding = 4; lastKnownFileType = sourcecode.swift; path = TagListView.swift; sourceTree = "<group>"; };
		5C3239CA2925796F00619645 /* TagView.swift */ = {isa = PBXFileReference; fileEncoding = 4; lastKnownFileType = sourcecode.swift; path = TagView.swift; sourceTree = "<group>"; };
		5C3239D529257BF700619645 /* CloudKit.framework */ = {isa = PBXFileReference; lastKnownFileType = wrapper.framework; name = CloudKit.framework; path = System/Library/Frameworks/CloudKit.framework; sourceTree = SDKROOT; };
		5C3C5A11299D570D00081F8D /* StorageHelper.swift */ = {isa = PBXFileReference; fileEncoding = 4; lastKnownFileType = sourcecode.swift; path = StorageHelper.swift; sourceTree = "<group>"; };
		5C3C5A1329B7849800081F8D /* NewNoteView.swift */ = {isa = PBXFileReference; lastKnownFileType = sourcecode.swift; path = NewNoteView.swift; sourceTree = "<group>"; };
		5C3C5A1529BA267800081F8D /* ManagingSharesView.swift */ = {isa = PBXFileReference; fileEncoding = 4; lastKnownFileType = sourcecode.swift; path = ManagingSharesView.swift; sourceTree = "<group>"; };
		5C3C5A1729BA268100081F8D /* ParticipantView.swift */ = {isa = PBXFileReference; fileEncoding = 4; lastKnownFileType = sourcecode.swift; path = ParticipantView.swift; sourceTree = "<group>"; };
		5C3C5A1929BA269200081F8D /* AddToExistingShareView.swift */ = {isa = PBXFileReference; fileEncoding = 4; lastKnownFileType = sourcecode.swift; path = AddToExistingShareView.swift; sourceTree = "<group>"; };
		5C3C5A1B29BA26DD00081F8D /* SharePickerView.swift */ = {isa = PBXFileReference; fileEncoding = 4; lastKnownFileType = sourcecode.swift; path = SharePickerView.swift; sourceTree = "<group>"; };
		5C3C5A1D29BA276A00081F8D /* Storage+Share.swift */ = {isa = PBXFileReference; fileEncoding = 4; lastKnownFileType = sourcecode.swift; path = "Storage+Share.swift"; sourceTree = "<group>"; };
		5C3EF85F292BD61A007CAAB6 /* SettingsView.swift */ = {isa = PBXFileReference; fileEncoding = 4; lastKnownFileType = sourcecode.swift; path = SettingsView.swift; sourceTree = "<group>"; };
		5C3EF861292BD8F4007CAAB6 /* SplashView.swift */ = {isa = PBXFileReference; lastKnownFileType = sourcecode.swift; path = SplashView.swift; sourceTree = "<group>"; };
		5C3EF867292BDCA4007CAAB6 /* Archive It.appex */ = {isa = PBXFileReference; explicitFileType = "wrapper.app-extension"; includeInIndex = 0; path = "Archive It.appex"; sourceTree = BUILT_PRODUCTS_DIR; };
		5C3EF869292BDCA4007CAAB6 /* ShareViewController.swift */ = {isa = PBXFileReference; lastKnownFileType = sourcecode.swift; path = ShareViewController.swift; sourceTree = "<group>"; };
		5C3EF86C292BDCA4007CAAB6 /* Base */ = {isa = PBXFileReference; lastKnownFileType = file.storyboard; name = Base; path = Base.lproj/MainInterface.storyboard; sourceTree = "<group>"; };
		5C3EF86E292BDCA4007CAAB6 /* Info.plist */ = {isa = PBXFileReference; lastKnownFileType = text.plist.xml; path = Info.plist; sourceTree = "<group>"; };
		5C3EF87A292BDD02007CAAB6 /* ShareSelectViewController.swift */ = {isa = PBXFileReference; fileEncoding = 4; lastKnownFileType = sourcecode.swift; path = ShareSelectViewController.swift; sourceTree = "<group>"; };
		5C3EF886292BDE89007CAAB6 /* Archive It.entitlements */ = {isa = PBXFileReference; lastKnownFileType = text.plist.entitlements; path = "Archive It.entitlements"; sourceTree = "<group>"; };
		5C3EF887292C0FB0007CAAB6 /* ChooseFolio.swift */ = {isa = PBXFileReference; lastKnownFileType = sourcecode.swift; path = ChooseFolio.swift; sourceTree = "<group>"; };
		5C7533E5297ADABB006867D3 /* MissingAssetView.swift */ = {isa = PBXFileReference; lastKnownFileType = sourcecode.swift; path = MissingAssetView.swift; sourceTree = "<group>"; };
		5C7D96DE29BF664A00D9948D /* Globals.swift */ = {isa = PBXFileReference; lastKnownFileType = sourcecode.swift; path = Globals.swift; sourceTree = "<group>"; };
		5C82057F297877860007CF70 /* ArchivedListView.swift */ = {isa = PBXFileReference; lastKnownFileType = sourcecode.swift; path = ArchivedListView.swift; sourceTree = "<group>"; };
		5C84346129437E9A005B0051 /* NoteEditView.swift */ = {isa = PBXFileReference; lastKnownFileType = sourcecode.swift; path = NoteEditView.swift; sourceTree = "<group>"; };
		5C85EDE22938F6390087EFBE /* 1DecSchema.txt */ = {isa = PBXFileReference; lastKnownFileType = text; path = 1DecSchema.txt; sourceTree = "<group>"; };
		5C8D5CD32A03D82300B1382F /* TagJSON.swift */ = {isa = PBXFileReference; lastKnownFileType = sourcecode.swift; path = TagJSON.swift; sourceTree = "<group>"; };
		5C8D5CD52A03DCE500B1382F /* JSONLoadStore.swift */ = {isa = PBXFileReference; lastKnownFileType = sourcecode.swift; path = JSONLoadStore.swift; sourceTree = "<group>"; };
		5C8D5CD72A09380D00B1382F /* SharingEx */ = {isa = PBXFileReference; lastKnownFileType = folder; path = SharingEx; sourceTree = "<group>"; };
		5C8D5CD92A09986900B1382F /* ShareController.swift */ = {isa = PBXFileReference; fileEncoding = 4; lastKnownFileType = sourcecode.swift; name = ShareController.swift; path = TiogaFolios/AppViews/Folios/Sharing/ShareController.swift; sourceTree = SOURCE_ROOT; };
		5CA4EC4929D32AE1004D11BB /* Storage+DeDupe.swift */ = {isa = PBXFileReference; lastKnownFileType = sourcecode.swift; path = "Storage+DeDupe.swift"; sourceTree = "<group>"; };
		5CB910E029AFE85C0027E41C /* FolioDetailView.swift */ = {isa = PBXFileReference; lastKnownFileType = sourcecode.swift; path = FolioDetailView.swift; sourceTree = "<group>"; };
		5CBFE2682A0A8E6A0014C6AD /* ShareTestListView.swift */ = {isa = PBXFileReference; lastKnownFileType = sourcecode.swift; path = ShareTestListView.swift; sourceTree = "<group>"; };
		5CBFE26A2A0AD05F0014C6AD /* FolioShareMetadataView.swift */ = {isa = PBXFileReference; lastKnownFileType = sourcecode.swift; path = FolioShareMetadataView.swift; sourceTree = "<group>"; };
		5CBFE26C2A0AD1730014C6AD /* FolioMiniDetailView.swift */ = {isa = PBXFileReference; lastKnownFileType = sourcecode.swift; path = FolioMiniDetailView.swift; sourceTree = "<group>"; };
		5CC74C06294A821D00BE831F /* AssetRow.swift */ = {isa = PBXFileReference; lastKnownFileType = sourcecode.swift; path = AssetRow.swift; sourceTree = "<group>"; };
		5CDCA80A2933BDA200FCF50B /* FolioViewMenu.swift */ = {isa = PBXFileReference; lastKnownFileType = sourcecode.swift; path = FolioViewMenu.swift; sourceTree = "<group>"; };
		5CDCA80C293518AE00FCF50B /* SearchFolioView.swift */ = {isa = PBXFileReference; lastKnownFileType = sourcecode.swift; path = SearchFolioView.swift; sourceTree = "<group>"; };
		5CDCA80E293796F300FCF50B /* set_build_number.sh */ = {isa = PBXFileReference; fileEncoding = 4; lastKnownFileType = text.script.sh; path = set_build_number.sh; sourceTree = "<group>"; };
		5CDCA8112937B6B100FCF50B /* FileAssetDeltaView.swift */ = {isa = PBXFileReference; lastKnownFileType = sourcecode.swift; path = FileAssetDeltaView.swift; sourceTree = "<group>"; };
		5CE60D2E296628870050304D /* CustomShareViewController.swift */ = {isa = PBXFileReference; lastKnownFileType = sourcecode.swift; path = CustomShareViewController.swift; sourceTree = "<group>"; };
		5CE60D30296C84490050304D /* FileAssetEditList.swift */ = {isa = PBXFileReference; fileEncoding = 4; lastKnownFileType = sourcecode.swift; path = FileAssetEditList.swift; sourceTree = "<group>"; };
		5CEDC3B92963312300FDB600 /* WebView.swift */ = {isa = PBXFileReference; lastKnownFileType = sourcecode.swift; path = WebView.swift; sourceTree = "<group>"; };
		5CEDC3BB2964C61400FDB600 /* SUBQUERY */ = {isa = PBXFileReference; lastKnownFileType = text; path = SUBQUERY; sourceTree = "<group>"; };
		5CEDC3BE2964D67400FDB600 /* ScannerView.swift */ = {isa = PBXFileReference; lastKnownFileType = sourcecode.swift; path = ScannerView.swift; sourceTree = "<group>"; };
		5CEE4E5C2A0BC0B200FCA9E3 /* CloudSharingSheet.swift */ = {isa = PBXFileReference; lastKnownFileType = sourcecode.swift; path = CloudSharingSheet.swift; sourceTree = "<group>"; };
		5CF13CA42A40AE1700B7B21C /* OnboardingViewPure.swift */ = {isa = PBXFileReference; fileEncoding = 4; lastKnownFileType = sourcecode.swift; path = OnboardingViewPure.swift; sourceTree = "<group>"; };
		5CF13CA52A40AE1800B7B21C /* OnboardingStepView.swift */ = {isa = PBXFileReference; fileEncoding = 4; lastKnownFileType = sourcecode.swift; path = OnboardingStepView.swift; sourceTree = "<group>"; };
		5CF13CA62A40AE1800B7B21C /* OnboardingDataModel.swift */ = {isa = PBXFileReference; fileEncoding = 4; lastKnownFileType = sourcecode.swift; path = OnboardingDataModel.swift; sourceTree = "<group>"; };
		5CF13CA72A40AE1800B7B21C /* OnboardView.swift */ = {isa = PBXFileReference; fileEncoding = 4; lastKnownFileType = sourcecode.swift; path = OnboardView.swift; sourceTree = "<group>"; };
		5CF821C32A4B58EB00659100 /* WideNavView.swift */ = {isa = PBXFileReference; lastKnownFileType = sourcecode.swift; path = WideNavView.swift; sourceTree = "<group>"; };
/* End PBXFileReference section */

/* Begin PBXFrameworksBuildPhase section */
		5C32393F292431A100619645 /* Frameworks */ = {
			isa = PBXFrameworksBuildPhase;
			buildActionMask = 2147483647;
			files = (
				5C3239D629257BF800619645 /* CloudKit.framework in Frameworks */,
			);
			runOnlyForDeploymentPostprocessing = 0;
		};
		5C323955292431A300619645 /* Frameworks */ = {
			isa = PBXFrameworksBuildPhase;
			buildActionMask = 2147483647;
			files = (
			);
			runOnlyForDeploymentPostprocessing = 0;
		};
		5C32395F292431A300619645 /* Frameworks */ = {
			isa = PBXFrameworksBuildPhase;
			buildActionMask = 2147483647;
			files = (
			);
			runOnlyForDeploymentPostprocessing = 0;
		};
		5C3EF864292BDCA4007CAAB6 /* Frameworks */ = {
			isa = PBXFrameworksBuildPhase;
			buildActionMask = 2147483647;
			files = (
			);
			runOnlyForDeploymentPostprocessing = 0;
		};
/* End PBXFrameworksBuildPhase section */

/* Begin PBXGroup section */
		5C323939292431A100619645 = {
			isa = PBXGroup;
			children = (
				5C8D5CD72A09380D00B1382F /* SharingEx */,
				5CDCA80E293796F300FCF50B /* set_build_number.sh */,
				5C32397B2925409900619645 /* NotesToDo.md */,
				5C85EDE22938F6390087EFBE /* 1DecSchema.txt */,
				5C323944292431A100619645 /* TiogaFolios */,
				5C32395B292431A300619645 /* TiogaFoliosTests */,
				5C323965292431A300619645 /* TiogaFoliosUITests */,
				5C3EF868292BDCA4007CAAB6 /* Archive It */,
				5C323943292431A100619645 /* Products */,
				5C3239D429257BF700619645 /* Frameworks */,
			);
			sourceTree = "<group>";
		};
		5C323943292431A100619645 /* Products */ = {
			isa = PBXGroup;
			children = (
				5C323942292431A100619645 /* TiogaFolios.app */,
				5C323958292431A300619645 /* TiogaFoliosTests.xctest */,
				5C323962292431A300619645 /* TiogaFoliosUITests.xctest */,
				5C3EF867292BDCA4007CAAB6 /* Archive It.appex */,
			);
			name = Products;
			sourceTree = "<group>";
		};
		5C323944292431A100619645 /* TiogaFolios */ = {
			isa = PBXGroup;
			children = (
				5CF13CA32A40ADE700B7B21C /* Onboard */,
				5CB910DF299EB1620027E41C /* Sharing */,
				5C323978292433E000619645 /* TiogaFolios.entitlements */,
				5C3C5A1F29BB878200081F8D /* Storage */,
				5C3239792925363700619645 /* DataModel */,
				5C3239B52925778000619645 /* AppViews */,
				5C323975292432B900619645 /* App */,
				5C323949292431A300619645 /* Assets.xcassets */,
				5C323953292431A300619645 /* Info.plist */,
				5C32399229254D7E00619645 /* Networking */,
				5C32394B292431A300619645 /* Preview Content */,
			);
			path = TiogaFolios;
			sourceTree = "<group>";
		};
		5C32394B292431A300619645 /* Preview Content */ = {
			isa = PBXGroup;
			children = (
				5C32394C292431A300619645 /* Preview Assets.xcassets */,
			);
			path = "Preview Content";
			sourceTree = "<group>";
		};
		5C32395B292431A300619645 /* TiogaFoliosTests */ = {
			isa = PBXGroup;
			children = (
				5C32395C292431A300619645 /* TiogaFoliosTests.swift */,
			);
			path = TiogaFoliosTests;
			sourceTree = "<group>";
		};
		5C323965292431A300619645 /* TiogaFoliosUITests */ = {
			isa = PBXGroup;
			children = (
				5C323966292431A300619645 /* TiogaFoliosUITests.swift */,
				5C323968292431A300619645 /* TiogaFoliosUITestsLaunchTests.swift */,
			);
			path = TiogaFoliosUITests;
			sourceTree = "<group>";
		};
		5C323975292432B900619645 /* App */ = {
			isa = PBXGroup;
			children = (
				5C323945292431A100619645 /* TiogaFoliosApp.swift */,
				5C2B2BEB29536EE40056EFF3 /* AppDelegate.swift */,
				5C32399329254DFC00619645 /* MainView.swift */,
				5CF821C32A4B58EB00659100 /* WideNavView.swift */,
				5C2B2BE929524CB60056EFF3 /* SidebarNavigationView.swift */,
				5C2B2BE7295249F90056EFF3 /* TabBarNavigationView.swift */,
				5CDCA80C293518AE00FCF50B /* SearchFolioView.swift */,
				5C3EF85F292BD61A007CAAB6 /* SettingsView.swift */,
				5C3EF861292BD8F4007CAAB6 /* SplashView.swift */,
				5C7D96DE29BF664A00D9948D /* Globals.swift */,
			);
			path = App;
			sourceTree = "<group>";
		};
		5C3239792925363700619645 /* DataModel */ = {
			isa = PBXGroup;
			children = (
				5C32399129254CDF00619645 /* Assets */,
				5C32399029254CD500619645 /* Tags */,
				5C32398329254C7800619645 /* Folios */,
				5C323976292432E600619645 /* Config.swift */,
				5C323950292431A300619645 /* TiogaFolios.xcdatamodeld */,
				5C32397A29253BFD00619645 /* DataModelNotes.md */,
				5C8D5CD52A03DCE500B1382F /* JSONLoadStore.swift */,
			);
			path = DataModel;
			sourceTree = "<group>";
		};
		5C32398329254C7800619645 /* Folios */ = {
			isa = PBXGroup;
			children = (
				5C32397D29254C0F00619645 /* Folio.swift */,
				5C32398029254C5F00619645 /* FolioTemplates.swift */,
				5C32397F29254C5E00619645 /* TemplateSources.swift */,
			);
			path = Folios;
			sourceTree = "<group>";
		};
		5C32399029254CD500619645 /* Tags */ = {
			isa = PBXGroup;
			children = (
				5C32398929254CCA00619645 /* SelectableTag.swift */,
				5C32398729254CCA00619645 /* Tag.swift */,
				5C32398429254CCA00619645 /* TagSources.swift */,
				5C8D5CD32A03D82300B1382F /* TagJSON.swift */,
			);
			path = Tags;
			sourceTree = "<group>";
		};
		5C32399129254CDF00619645 /* Assets */ = {
			isa = PBXGroup;
			children = (
				5C32398529254CCA00619645 /* Asset.swift */,
			);
			path = Assets;
			sourceTree = "<group>";
		};
		5C32399229254D7E00619645 /* Networking */ = {
			isa = PBXGroup;
			children = (
				5C32398829254CCA00619645 /* Extras.swift */,
				5C32398629254CCA00619645 /* Fetching.swift */,
			);
			path = Networking;
			sourceTree = "<group>";
		};
		5C3239952925772B00619645 /* Folios */ = {
			isa = PBXGroup;
			children = (
				5C3C5A2129BB87AE00081F8D /* Sharing */,
				5C3239962925772B00619645 /* FolioAddToV.swift */,
				5CB910E029AFE85C0027E41C /* FolioDetailView.swift */,
				5C32399C2925772B00619645 /* FolioListView.swift */,
				5C3239972925772B00619645 /* FolioCardItems.swift */,
				5C3239982925772B00619645 /* FolioCardV.swift */,
				5C3239992925772B00619645 /* FolioCell.swift */,
				5C32399A2925772B00619645 /* FolioDeltaView.swift */,
				5C32399B2925772B00619645 /* FolioEditView.swift */,
				5C02C23729E0452A00A98C42 /* FolioListSegView.swift */,
				5C82057F297877860007CF70 /* ArchivedListView.swift */,
				5C32399D2925772B00619645 /* FolioTagItems.swift */,
				5CBFE26A2A0AD05F0014C6AD /* FolioShareMetadataView.swift */,
				5C32399F2925772B00619645 /* FolioVM.swift */,
				5C3EF887292C0FB0007CAAB6 /* ChooseFolio.swift */,
				5CDCA80A2933BDA200FCF50B /* FolioViewMenu.swift */,
			);
			path = Folios;
			sourceTree = "<group>";
		};
		5C3239AA2925774800619645 /* FolioTemplates */ = {
			isa = PBXGroup;
			children = (
				5C3239AC2925774800619645 /* FolioTemplCell.swift */,
				5C3239AD2925774800619645 /* FolioTemplListView.swift */,
				5C3239AE2925774800619645 /* FolioTemplView.swift */,
			);
			path = FolioTemplates;
			sourceTree = "<group>";
		};
		5C3239B52925778000619645 /* AppViews */ = {
			isa = PBXGroup;
			children = (
				5CEDC3BD2964D65700FDB600 /* Scanner */,
				5C3239952925772B00619645 /* Folios */,
				5C3239B62925796200619645 /* FileAsset */,
				5C3239C12925796F00619645 /* Tags */,
				5C3239AA2925774800619645 /* FolioTemplates */,
			);
			path = AppViews;
			sourceTree = "<group>";
		};
		5C3239B62925796200619645 /* FileAsset */ = {
			isa = PBXGroup;
			children = (
				5C3239B72925796200619645 /* AttachDocs.swift */,
				5C3239B82925796200619645 /* BlobToTempFile.swift */,
				5C3239B92925796200619645 /* FileAssetDetail.swift */,
				5C7533E5297ADABB006867D3 /* MissingAssetView.swift */,
				5C84346129437E9A005B0051 /* NoteEditView.swift */,
				5C3C5A1329B7849800081F8D /* NewNoteView.swift */,
				5C3239BA2925796200619645 /* FileAssetList.swift */,
				5CE60D30296C84490050304D /* FileAssetEditList.swift */,
				5C3239BB2925796200619645 /* FileAssetPreview.swift */,
				5CDCA8112937B6B100FCF50B /* FileAssetDeltaView.swift */,
				5CC74C06294A821D00BE831F /* AssetRow.swift */,
				5CEDC3B92963312300FDB600 /* WebView.swift */,
			);
			path = FileAsset;
			sourceTree = "<group>";
		};
		5C3239C12925796F00619645 /* Tags */ = {
			isa = PBXGroup;
			children = (
				5C3239C22925796F00619645 /* ContentTagView.swift */,
				5C3239C32925796F00619645 /* FlexiblePicker.swift */,
				5C3239C42925796F00619645 /* FolioListByTag.swift */,
				5C3239C52925796F00619645 /* FontWeight.swift */,
				5C3239C62925796F00619645 /* TagEditView.swift */,
				5C3239C72925796F00619645 /* TaggerView.swift */,
				5C3239C82925796F00619645 /* TagKindListView.swift */,
				5C3239C92925796F00619645 /* TagListView.swift */,
				5C3239CA2925796F00619645 /* TagView.swift */,
			);
			path = Tags;
			sourceTree = "<group>";
		};
		5C3239D429257BF700619645 /* Frameworks */ = {
			isa = PBXGroup;
			children = (
				5C3239D529257BF700619645 /* CloudKit.framework */,
			);
			name = Frameworks;
			sourceTree = "<group>";
		};
		5C3C5A1F29BB878200081F8D /* Storage */ = {
			isa = PBXGroup;
			children = (
				5C32394E292431A300619645 /* Storage.swift */,
				5C3C5A11299D570D00081F8D /* StorageHelper.swift */,
				5CA4EC4929D32AE1004D11BB /* Storage+DeDupe.swift */,
				5C3C5A1D29BA276A00081F8D /* Storage+Share.swift */,
			);
			path = Storage;
			sourceTree = "<group>";
		};
		5C3C5A2129BB87AE00081F8D /* Sharing */ = {
			isa = PBXGroup;
			children = (
				5C8D5CD92A09986900B1382F /* ShareController.swift */,
				5C3C5A1529BA267800081F8D /* ManagingSharesView.swift */,
				5C3C5A1729BA268100081F8D /* ParticipantView.swift */,
				5C3C5A1929BA269200081F8D /* AddToExistingShareView.swift */,
				5C3C5A1B29BA26DD00081F8D /* SharePickerView.swift */,
				5CEE4E5C2A0BC0B200FCA9E3 /* CloudSharingSheet.swift */,
			);
			path = Sharing;
			sourceTree = "<group>";
		};
		5C3EF868292BDCA4007CAAB6 /* Archive It */ = {
			isa = PBXGroup;
			children = (
				5C3EF886292BDE89007CAAB6 /* Archive It.entitlements */,
				5C3EF869292BDCA4007CAAB6 /* ShareViewController.swift */,
				5CE60D2E296628870050304D /* CustomShareViewController.swift */,
				5C3EF87A292BDD02007CAAB6 /* ShareSelectViewController.swift */,
				5C3EF86B292BDCA4007CAAB6 /* MainInterface.storyboard */,
				5C3EF86E292BDCA4007CAAB6 /* Info.plist */,
				5CEDC3BB2964C61400FDB600 /* SUBQUERY */,
			);
			path = "Archive It";
			sourceTree = "<group>";
		};
		5CB910DF299EB1620027E41C /* Sharing */ = {
			isa = PBXGroup;
			children = (
				5CBFE26C2A0AD1730014C6AD /* FolioMiniDetailView.swift */,
				5CBFE2682A0A8E6A0014C6AD /* ShareTestListView.swift */,
			);
			path = Sharing;
			sourceTree = "<group>";
		};
		5CEDC3BD2964D65700FDB600 /* Scanner */ = {
			isa = PBXGroup;
			children = (
				5CEDC3BE2964D67400FDB600 /* ScannerView.swift */,
			);
			path = Scanner;
			sourceTree = "<group>";
		};
		5CF13CA32A40ADE700B7B21C /* Onboard */ = {
			isa = PBXGroup;
			children = (
				5CF13CA62A40AE1800B7B21C /* OnboardingDataModel.swift */,
				5CF13CA52A40AE1800B7B21C /* OnboardingStepView.swift */,
				5CF13CA42A40AE1700B7B21C /* OnboardingViewPure.swift */,
				5CF13CA72A40AE1800B7B21C /* OnboardView.swift */,
			);
			path = Onboard;
			sourceTree = "<group>";
		};
/* End PBXGroup section */

/* Begin PBXNativeTarget section */
		5C323941292431A100619645 /* TiogaFolios */ = {
			isa = PBXNativeTarget;
			buildConfigurationList = 5C32396C292431A300619645 /* Build configuration list for PBXNativeTarget "TiogaFolios" */;
			buildPhases = (
				5C32393E292431A100619645 /* Sources */,
				5C32393F292431A100619645 /* Frameworks */,
				5C323940292431A100619645 /* Resources */,
				5C3EF875292BDCA4007CAAB6 /* Embed Foundation Extensions */,
			);
			buildRules = (
			);
			dependencies = (
				5C3EF870292BDCA4007CAAB6 /* PBXTargetDependency */,
			);
			name = TiogaFolios;
			productName = TiogaFolios;
			productReference = 5C323942292431A100619645 /* TiogaFolios.app */;
			productType = "com.apple.product-type.application";
		};
		5C323957292431A300619645 /* TiogaFoliosTests */ = {
			isa = PBXNativeTarget;
			buildConfigurationList = 5C32396F292431A300619645 /* Build configuration list for PBXNativeTarget "TiogaFoliosTests" */;
			buildPhases = (
				5C323954292431A300619645 /* Sources */,
				5C323955292431A300619645 /* Frameworks */,
				5C323956292431A300619645 /* Resources */,
			);
			buildRules = (
			);
			dependencies = (
				5C32395A292431A300619645 /* PBXTargetDependency */,
			);
			name = TiogaFoliosTests;
			productName = TiogaFoliosTests;
			productReference = 5C323958292431A300619645 /* TiogaFoliosTests.xctest */;
			productType = "com.apple.product-type.bundle.unit-test";
		};
		5C323961292431A300619645 /* TiogaFoliosUITests */ = {
			isa = PBXNativeTarget;
			buildConfigurationList = 5C323972292431A300619645 /* Build configuration list for PBXNativeTarget "TiogaFoliosUITests" */;
			buildPhases = (
				5C32395E292431A300619645 /* Sources */,
				5C32395F292431A300619645 /* Frameworks */,
				5C323960292431A300619645 /* Resources */,
			);
			buildRules = (
			);
			dependencies = (
				5C323964292431A300619645 /* PBXTargetDependency */,
			);
			name = TiogaFoliosUITests;
			productName = TiogaFoliosUITests;
			productReference = 5C323962292431A300619645 /* TiogaFoliosUITests.xctest */;
			productType = "com.apple.product-type.bundle.ui-testing";
		};
		5C3EF866292BDCA4007CAAB6 /* Archive It */ = {
			isa = PBXNativeTarget;
			buildConfigurationList = 5C3EF872292BDCA4007CAAB6 /* Build configuration list for PBXNativeTarget "Archive It" */;
			buildPhases = (
				5C3EF863292BDCA4007CAAB6 /* Sources */,
				5C3EF864292BDCA4007CAAB6 /* Frameworks */,
				5C3EF865292BDCA4007CAAB6 /* Resources */,
			);
			buildRules = (
			);
			dependencies = (
			);
			name = "Archive It";
			productName = "Archive It";
			productReference = 5C3EF867292BDCA4007CAAB6 /* Archive It.appex */;
			productType = "com.apple.product-type.app-extension";
		};
/* End PBXNativeTarget section */

/* Begin PBXProject section */
		5C32393A292431A100619645 /* Project object */ = {
			isa = PBXProject;
			attributes = {
				BuildIndependentTargetsInParallel = 1;
				LastSwiftUpdateCheck = 1410;
				LastUpgradeCheck = 1410;
				TargetAttributes = {
					5C323941292431A100619645 = {
						CreatedOnToolsVersion = 14.1;
					};
					5C323957292431A300619645 = {
						CreatedOnToolsVersion = 14.1;
						TestTargetID = 5C323941292431A100619645;
					};
					5C323961292431A300619645 = {
						CreatedOnToolsVersion = 14.1;
						TestTargetID = 5C323941292431A100619645;
					};
					5C3EF866292BDCA4007CAAB6 = {
						CreatedOnToolsVersion = 14.1;
					};
				};
			};
			buildConfigurationList = 5C32393D292431A100619645 /* Build configuration list for PBXProject "TiogaFolios" */;
			compatibilityVersion = "Xcode 14.0";
			developmentRegion = en;
			hasScannedForEncodings = 0;
			knownRegions = (
				en,
				Base,
			);
			mainGroup = 5C323939292431A100619645;
			productRefGroup = 5C323943292431A100619645 /* Products */;
			projectDirPath = "";
			projectRoot = "";
			targets = (
				5C323941292431A100619645 /* TiogaFolios */,
				5C323957292431A300619645 /* TiogaFoliosTests */,
				5C323961292431A300619645 /* TiogaFoliosUITests */,
				5C3EF866292BDCA4007CAAB6 /* Archive It */,
			);
		};
/* End PBXProject section */

/* Begin PBXResourcesBuildPhase section */
		5C323940292431A100619645 /* Resources */ = {
			isa = PBXResourcesBuildPhase;
			buildActionMask = 2147483647;
			files = (
				5C32394D292431A300619645 /* Preview Assets.xcassets in Resources */,
				5C85EDE32938F6390087EFBE /* 1DecSchema.txt in Resources */,
				5C8D5CD82A09380D00B1382F /* SharingEx in Resources */,
				5C32394A292431A300619645 /* Assets.xcassets in Resources */,
				5C32397C2925409900619645 /* NotesToDo.md in Resources */,
				5CDCA80F293796F300FCF50B /* set_build_number.sh in Resources */,
			);
			runOnlyForDeploymentPostprocessing = 0;
		};
		5C323956292431A300619645 /* Resources */ = {
			isa = PBXResourcesBuildPhase;
			buildActionMask = 2147483647;
			files = (
			);
			runOnlyForDeploymentPostprocessing = 0;
		};
		5C323960292431A300619645 /* Resources */ = {
			isa = PBXResourcesBuildPhase;
			buildActionMask = 2147483647;
			files = (
			);
			runOnlyForDeploymentPostprocessing = 0;
		};
		5C3EF865292BDCA4007CAAB6 /* Resources */ = {
			isa = PBXResourcesBuildPhase;
			buildActionMask = 2147483647;
			files = (
				5CEDC3BC2964C61400FDB600 /* SUBQUERY in Resources */,
				5C3EF86D292BDCA4007CAAB6 /* MainInterface.storyboard in Resources */,
			);
			runOnlyForDeploymentPostprocessing = 0;
		};
/* End PBXResourcesBuildPhase section */

/* Begin PBXSourcesBuildPhase section */
		5C32393E292431A100619645 /* Sources */ = {
			isa = PBXSourcesBuildPhase;
			buildActionMask = 2147483647;
			files = (
				5CEE4E5D2A0BC0B200FCA9E3 /* CloudSharingSheet.swift in Sources */,
				5C3C5A1629BA267800081F8D /* ManagingSharesView.swift in Sources */,
				5C32398E29254CCB00619645 /* Extras.swift in Sources */,
				5CBFE26D2A0AD1730014C6AD /* FolioMiniDetailView.swift in Sources */,
				5C3EF862292BD8F4007CAAB6 /* SplashView.swift in Sources */,
				5CDCA80B2933BDA200FCF50B /* FolioViewMenu.swift in Sources */,
				5C3239B32925774800619645 /* FolioTemplView.swift in Sources */,
				5C32398D29254CCB00619645 /* Tag.swift in Sources */,
				5C8D5CD42A03D82300B1382F /* TagJSON.swift in Sources */,
				5C3239A02925772B00619645 /* FolioAddToV.swift in Sources */,
				5C3239A32925772B00619645 /* FolioCell.swift in Sources */,
				5C3239BD2925796200619645 /* BlobToTempFile.swift in Sources */,
				5C3239A92925772B00619645 /* FolioVM.swift in Sources */,
				5CF13CAA2A40AE1800B7B21C /* OnboardingDataModel.swift in Sources */,
				5CEDC3BF2964D67400FDB600 /* ScannerView.swift in Sources */,
				5C3C5A1C29BA26DD00081F8D /* SharePickerView.swift in Sources */,
				5CC74C07294A821D00BE831F /* AssetRow.swift in Sources */,
				5C323952292431A300619645 /* TiogaFolios.xcdatamodeld in Sources */,
				5C3239A12925772B00619645 /* FolioCardItems.swift in Sources */,
				5C3239CB2925796F00619645 /* ContentTagView.swift in Sources */,
				5CF821C42A4B58EB00659100 /* WideNavView.swift in Sources */,
				5CA4EC4A29D32AE1004D11BB /* Storage+DeDupe.swift in Sources */,
				5C32394F292431A300619645 /* Storage.swift in Sources */,
				5CF13CAB2A40AE1800B7B21C /* OnboardView.swift in Sources */,
				5C3239B12925774800619645 /* FolioTemplCell.swift in Sources */,
				5C3239A62925772B00619645 /* FolioListView.swift in Sources */,
				5C32398B29254CCB00619645 /* Asset.swift in Sources */,
				5C3239CD2925796F00619645 /* FolioListByTag.swift in Sources */,
				5C3239D22925796F00619645 /* TagListView.swift in Sources */,
				5CBFE2692A0A8E6A0014C6AD /* ShareTestListView.swift in Sources */,
				5C3239A52925772B00619645 /* FolioEditView.swift in Sources */,
				5CF13CA82A40AE1800B7B21C /* OnboardingViewPure.swift in Sources */,
				5CF13CA92A40AE1800B7B21C /* OnboardingStepView.swift in Sources */,
				5C3239BC2925796200619645 /* AttachDocs.swift in Sources */,
				5C7533E6297ADABB006867D3 /* MissingAssetView.swift in Sources */,
				5CBFE26B2A0AD05F0014C6AD /* FolioShareMetadataView.swift in Sources */,
				5C3239A42925772B00619645 /* FolioDeltaView.swift in Sources */,
				5C323977292432E600619645 /* Config.swift in Sources */,
				5C3EF860292BD61A007CAAB6 /* SettingsView.swift in Sources */,
				5C3C5A1A29BA269200081F8D /* AddToExistingShareView.swift in Sources */,
				5C32398C29254CCB00619645 /* Fetching.swift in Sources */,
				5C3239C02925796200619645 /* FileAssetPreview.swift in Sources */,
				5CDCA80D293518AE00FCF50B /* SearchFolioView.swift in Sources */,
				5C3239CE2925796F00619645 /* FontWeight.swift in Sources */,
				5C32398129254C5F00619645 /* TemplateSources.swift in Sources */,
				5C3C5A1829BA268100081F8D /* ParticipantView.swift in Sources */,
				5C02C23829E0452A00A98C42 /* FolioListSegView.swift in Sources */,
				5C3239D02925796F00619645 /* TaggerView.swift in Sources */,
				5C32398A29254CCB00619645 /* TagSources.swift in Sources */,
				5C323946292431A100619645 /* TiogaFoliosApp.swift in Sources */,
				5CB910E129AFE85C0027E41C /* FolioDetailView.swift in Sources */,
				5C3239CC2925796F00619645 /* FlexiblePicker.swift in Sources */,
				5C3239A22925772B00619645 /* FolioCardV.swift in Sources */,
				5C820580297877860007CF70 /* ArchivedListView.swift in Sources */,
				5CE60D31296C84490050304D /* FileAssetEditList.swift in Sources */,
				5C3C5A1429B7849800081F8D /* NewNoteView.swift in Sources */,
				5C3239BF2925796200619645 /* FileAssetList.swift in Sources */,
				5C3239CF2925796F00619645 /* TagEditView.swift in Sources */,
				5C84346229437E9A005B0051 /* NoteEditView.swift in Sources */,
				5C8D5CDA2A09986900B1382F /* ShareController.swift in Sources */,
				5C32397E29254C0F00619645 /* Folio.swift in Sources */,
				5C32398F29254CCB00619645 /* SelectableTag.swift in Sources */,
				5C3239D32925796F00619645 /* TagView.swift in Sources */,
				5C3239A72925772B00619645 /* FolioTagItems.swift in Sources */,
				5C2B2BE8295249F90056EFF3 /* TabBarNavigationView.swift in Sources */,
				5C32399429254DFC00619645 /* MainView.swift in Sources */,
				5C32398229254C5F00619645 /* FolioTemplates.swift in Sources */,
				5C3239B22925774800619645 /* FolioTemplListView.swift in Sources */,
				5C3C5A1E29BA276A00081F8D /* Storage+Share.swift in Sources */,
				5C2B2BEA29524CB60056EFF3 /* SidebarNavigationView.swift in Sources */,
				5C3239BE2925796200619645 /* FileAssetDetail.swift in Sources */,
				5C3C5A12299D570D00081F8D /* StorageHelper.swift in Sources */,
				5C7D96DF29BF664A00D9948D /* Globals.swift in Sources */,
				5C3EF888292C0FB0007CAAB6 /* ChooseFolio.swift in Sources */,
				5CDCA8122937B6B100FCF50B /* FileAssetDeltaView.swift in Sources */,
				5CEDC3BA2963312300FDB600 /* WebView.swift in Sources */,
				5C8D5CD62A03DCE500B1382F /* JSONLoadStore.swift in Sources */,
				5C3239D12925796F00619645 /* TagKindListView.swift in Sources */,
				5C2B2BEC29536EE40056EFF3 /* AppDelegate.swift in Sources */,
			);
			runOnlyForDeploymentPostprocessing = 0;
		};
		5C323954292431A300619645 /* Sources */ = {
			isa = PBXSourcesBuildPhase;
			buildActionMask = 2147483647;
			files = (
				5C32395D292431A300619645 /* TiogaFoliosTests.swift in Sources */,
			);
			runOnlyForDeploymentPostprocessing = 0;
		};
		5C32395E292431A300619645 /* Sources */ = {
			isa = PBXSourcesBuildPhase;
			buildActionMask = 2147483647;
			files = (
				5C323967292431A300619645 /* TiogaFoliosUITests.swift in Sources */,
				5C323969292431A300619645 /* TiogaFoliosUITestsLaunchTests.swift in Sources */,
			);
			runOnlyForDeploymentPostprocessing = 0;
		};
		5C3EF863292BDCA4007CAAB6 /* Sources */ = {
			isa = PBXSourcesBuildPhase;
			buildActionMask = 2147483647;
			files = (
				5C3EF881292BDD71007CAAB6 /* TiogaFolios.xcdatamodeld in Sources */,
				5CA4EC4C29D32E48004D11BB /* Storage+DeDupe.swift in Sources */,
				5C3EF87D292BDD4E007CAAB6 /* Tag.swift in Sources */,
				5C3EF880292BDD5B007CAAB6 /* Storage.swift in Sources */,
				5C3EF885292BDE38007CAAB6 /* FolioTemplates.swift in Sources */,
				5C3EF87C292BDD48007CAAB6 /* Asset.swift in Sources */,
				5C3EF882292BDDAA007CAAB6 /* Fetching.swift in Sources */,
				5CE60D2F296628870050304D /* CustomShareViewController.swift in Sources */,
				5C3EF87B292BDD02007CAAB6 /* ShareSelectViewController.swift in Sources */,
				5C7D96E029BF665A00D9948D /* Globals.swift in Sources */,
				5C3EF86A292BDCA4007CAAB6 /* ShareViewController.swift in Sources */,
				5C3EF87E292BDD52007CAAB6 /* Folio.swift in Sources */,
				5C3C5A2029BB879600081F8D /* StorageHelper.swift in Sources */,
				5C3EF883292BDDF1007CAAB6 /* SelectableTag.swift in Sources */,
				5C3EF884292BDDFB007CAAB6 /* TagSources.swift in Sources */,
				5C3EF87F292BDD57007CAAB6 /* Config.swift in Sources */,
			);
			runOnlyForDeploymentPostprocessing = 0;
		};
/* End PBXSourcesBuildPhase section */

/* Begin PBXTargetDependency section */
		5C32395A292431A300619645 /* PBXTargetDependency */ = {
			isa = PBXTargetDependency;
			target = 5C323941292431A100619645 /* TiogaFolios */;
			targetProxy = 5C323959292431A300619645 /* PBXContainerItemProxy */;
		};
		5C323964292431A300619645 /* PBXTargetDependency */ = {
			isa = PBXTargetDependency;
			target = 5C323941292431A100619645 /* TiogaFolios */;
			targetProxy = 5C323963292431A300619645 /* PBXContainerItemProxy */;
		};
		5C3EF870292BDCA4007CAAB6 /* PBXTargetDependency */ = {
			isa = PBXTargetDependency;
			target = 5C3EF866292BDCA4007CAAB6 /* Archive It */;
			targetProxy = 5C3EF86F292BDCA4007CAAB6 /* PBXContainerItemProxy */;
		};
/* End PBXTargetDependency section */

/* Begin PBXVariantGroup section */
		5C3EF86B292BDCA4007CAAB6 /* MainInterface.storyboard */ = {
			isa = PBXVariantGroup;
			children = (
				5C3EF86C292BDCA4007CAAB6 /* Base */,
			);
			name = MainInterface.storyboard;
			sourceTree = "<group>";
		};
/* End PBXVariantGroup section */

/* Begin XCBuildConfiguration section */
		5C32396A292431A300619645 /* Debug */ = {
			isa = XCBuildConfiguration;
			buildSettings = {
				ALWAYS_SEARCH_USER_PATHS = NO;
				CLANG_ANALYZER_NONNULL = YES;
				CLANG_ANALYZER_NUMBER_OBJECT_CONVERSION = YES_AGGRESSIVE;
				CLANG_CXX_LANGUAGE_STANDARD = "gnu++20";
				CLANG_ENABLE_MODULES = YES;
				CLANG_ENABLE_OBJC_ARC = YES;
				CLANG_ENABLE_OBJC_WEAK = YES;
				CLANG_WARN_BLOCK_CAPTURE_AUTORELEASING = YES;
				CLANG_WARN_BOOL_CONVERSION = YES;
				CLANG_WARN_COMMA = YES;
				CLANG_WARN_CONSTANT_CONVERSION = YES;
				CLANG_WARN_DEPRECATED_OBJC_IMPLEMENTATIONS = YES;
				CLANG_WARN_DIRECT_OBJC_ISA_USAGE = YES_ERROR;
				CLANG_WARN_DOCUMENTATION_COMMENTS = YES;
				CLANG_WARN_EMPTY_BODY = YES;
				CLANG_WARN_ENUM_CONVERSION = YES;
				CLANG_WARN_INFINITE_RECURSION = YES;
				CLANG_WARN_INT_CONVERSION = YES;
				CLANG_WARN_NON_LITERAL_NULL_CONVERSION = YES;
				CLANG_WARN_OBJC_IMPLICIT_RETAIN_SELF = YES;
				CLANG_WARN_OBJC_LITERAL_CONVERSION = YES;
				CLANG_WARN_OBJC_ROOT_CLASS = YES_ERROR;
				CLANG_WARN_QUOTED_INCLUDE_IN_FRAMEWORK_HEADER = YES;
				CLANG_WARN_RANGE_LOOP_ANALYSIS = YES;
				CLANG_WARN_STRICT_PROTOTYPES = YES;
				CLANG_WARN_SUSPICIOUS_MOVE = YES;
				CLANG_WARN_UNGUARDED_AVAILABILITY = YES_AGGRESSIVE;
				CLANG_WARN_UNREACHABLE_CODE = YES;
				CLANG_WARN__DUPLICATE_METHOD_MATCH = YES;
				COPY_PHASE_STRIP = NO;
				DEBUG_INFORMATION_FORMAT = dwarf;
				ENABLE_STRICT_OBJC_MSGSEND = YES;
				ENABLE_TESTABILITY = YES;
				GCC_C_LANGUAGE_STANDARD = gnu11;
				GCC_DYNAMIC_NO_PIC = NO;
				GCC_NO_COMMON_BLOCKS = YES;
				GCC_OPTIMIZATION_LEVEL = 0;
				GCC_PREPROCESSOR_DEFINITIONS = (
					"DEBUG=1",
					"$(inherited)",
				);
				GCC_WARN_64_TO_32_BIT_CONVERSION = YES;
				GCC_WARN_ABOUT_RETURN_TYPE = YES_ERROR;
				GCC_WARN_UNDECLARED_SELECTOR = YES;
				GCC_WARN_UNINITIALIZED_AUTOS = YES_AGGRESSIVE;
				GCC_WARN_UNUSED_FUNCTION = YES;
				GCC_WARN_UNUSED_VARIABLE = YES;
				IPHONEOS_DEPLOYMENT_TARGET = 15.6;
				MTL_ENABLE_DEBUG_INFO = INCLUDE_SOURCE;
				MTL_FAST_MATH = YES;
				ONLY_ACTIVE_ARCH = YES;
				SDKROOT = iphoneos;
				SWIFT_ACTIVE_COMPILATION_CONDITIONS = DEBUG;
				SWIFT_OPTIMIZATION_LEVEL = "-Onone";
			};
			name = Debug;
		};
		5C32396B292431A300619645 /* Release */ = {
			isa = XCBuildConfiguration;
			buildSettings = {
				ALWAYS_SEARCH_USER_PATHS = NO;
				CLANG_ANALYZER_NONNULL = YES;
				CLANG_ANALYZER_NUMBER_OBJECT_CONVERSION = YES_AGGRESSIVE;
				CLANG_CXX_LANGUAGE_STANDARD = "gnu++20";
				CLANG_ENABLE_MODULES = YES;
				CLANG_ENABLE_OBJC_ARC = YES;
				CLANG_ENABLE_OBJC_WEAK = YES;
				CLANG_WARN_BLOCK_CAPTURE_AUTORELEASING = YES;
				CLANG_WARN_BOOL_CONVERSION = YES;
				CLANG_WARN_COMMA = YES;
				CLANG_WARN_CONSTANT_CONVERSION = YES;
				CLANG_WARN_DEPRECATED_OBJC_IMPLEMENTATIONS = YES;
				CLANG_WARN_DIRECT_OBJC_ISA_USAGE = YES_ERROR;
				CLANG_WARN_DOCUMENTATION_COMMENTS = YES;
				CLANG_WARN_EMPTY_BODY = YES;
				CLANG_WARN_ENUM_CONVERSION = YES;
				CLANG_WARN_INFINITE_RECURSION = YES;
				CLANG_WARN_INT_CONVERSION = YES;
				CLANG_WARN_NON_LITERAL_NULL_CONVERSION = YES;
				CLANG_WARN_OBJC_IMPLICIT_RETAIN_SELF = YES;
				CLANG_WARN_OBJC_LITERAL_CONVERSION = YES;
				CLANG_WARN_OBJC_ROOT_CLASS = YES_ERROR;
				CLANG_WARN_QUOTED_INCLUDE_IN_FRAMEWORK_HEADER = YES;
				CLANG_WARN_RANGE_LOOP_ANALYSIS = YES;
				CLANG_WARN_STRICT_PROTOTYPES = YES;
				CLANG_WARN_SUSPICIOUS_MOVE = YES;
				CLANG_WARN_UNGUARDED_AVAILABILITY = YES_AGGRESSIVE;
				CLANG_WARN_UNREACHABLE_CODE = YES;
				CLANG_WARN__DUPLICATE_METHOD_MATCH = YES;
				COPY_PHASE_STRIP = NO;
				DEBUG_INFORMATION_FORMAT = "dwarf-with-dsym";
				ENABLE_NS_ASSERTIONS = NO;
				ENABLE_STRICT_OBJC_MSGSEND = YES;
				GCC_C_LANGUAGE_STANDARD = gnu11;
				GCC_NO_COMMON_BLOCKS = YES;
				GCC_WARN_64_TO_32_BIT_CONVERSION = YES;
				GCC_WARN_ABOUT_RETURN_TYPE = YES_ERROR;
				GCC_WARN_UNDECLARED_SELECTOR = YES;
				GCC_WARN_UNINITIALIZED_AUTOS = YES_AGGRESSIVE;
				GCC_WARN_UNUSED_FUNCTION = YES;
				GCC_WARN_UNUSED_VARIABLE = YES;
				IPHONEOS_DEPLOYMENT_TARGET = 15.6;
				MTL_ENABLE_DEBUG_INFO = NO;
				MTL_FAST_MATH = YES;
				SDKROOT = iphoneos;
				SWIFT_COMPILATION_MODE = wholemodule;
				SWIFT_OPTIMIZATION_LEVEL = "-O";
				VALIDATE_PRODUCT = YES;
			};
			name = Release;
		};
		5C32396D292431A300619645 /* Debug */ = {
			isa = XCBuildConfiguration;
			buildSettings = {
				ALWAYS_EMBED_SWIFT_STANDARD_LIBRARIES = YES;
				ASSETCATALOG_COMPILER_APPICON_NAME = AppIcon;
				ASSETCATALOG_COMPILER_GLOBAL_ACCENT_COLOR_NAME = AccentColor;
				CODE_SIGN_ENTITLEMENTS = TiogaFolios/TiogaFolios.entitlements;
				CODE_SIGN_STYLE = Automatic;
				CURRENT_PROJECT_VERSION = 20000059;
				DEVELOPMENT_ASSET_PATHS = "\"TiogaFolios/Preview Content\"";
				DEVELOPMENT_TEAM = S7ZKK95T9U;
				ENABLE_PREVIEWS = YES;
				GENERATE_INFOPLIST_FILE = YES;
				INFOPLIST_FILE = TiogaFolios/Info.plist;
				INFOPLIST_KEY_LSApplicationCategoryType = "public.app-category.lifestyle";
				INFOPLIST_KEY_NSCameraUsageDescription = "Use camera to scan paper documents";
				INFOPLIST_KEY_UIApplicationSupportsIndirectInputEvents = YES;
				INFOPLIST_KEY_UILaunchScreen_Generation = YES;
				INFOPLIST_KEY_UISupportedInterfaceOrientations_iPad = "UIInterfaceOrientationPortrait UIInterfaceOrientationPortraitUpsideDown UIInterfaceOrientationLandscapeLeft UIInterfaceOrientationLandscapeRight";
				INFOPLIST_KEY_UISupportedInterfaceOrientations_iPhone = "UIInterfaceOrientationPortrait UIInterfaceOrientationLandscapeLeft UIInterfaceOrientationLandscapeRight";
				IPHONEOS_DEPLOYMENT_TARGET = 15.6;
				LD_RUNPATH_SEARCH_PATHS = (
					"$(inherited)",
					"@executable_path/Frameworks",
				);
				MARKETING_VERSION = 1.0;
				PRODUCT_BUNDLE_IDENTIFIER = co.tioga.TiogaFolios;
				PRODUCT_NAME = "$(TARGET_NAME)";
				SWIFT_EMIT_LOC_STRINGS = YES;
				SWIFT_VERSION = 5.0;
				TARGETED_DEVICE_FAMILY = "1,2";
			};
			name = Debug;
		};
		5C32396E292431A300619645 /* Release */ = {
			isa = XCBuildConfiguration;
			buildSettings = {
				ALWAYS_EMBED_SWIFT_STANDARD_LIBRARIES = YES;
				ASSETCATALOG_COMPILER_APPICON_NAME = AppIcon;
				ASSETCATALOG_COMPILER_GLOBAL_ACCENT_COLOR_NAME = AccentColor;
				CODE_SIGN_ENTITLEMENTS = TiogaFolios/TiogaFolios.entitlements;
				CODE_SIGN_STYLE = Automatic;
				CURRENT_PROJECT_VERSION = 20000059;
				DEVELOPMENT_ASSET_PATHS = "\"TiogaFolios/Preview Content\"";
				DEVELOPMENT_TEAM = S7ZKK95T9U;
				ENABLE_PREVIEWS = YES;
				GENERATE_INFOPLIST_FILE = YES;
				INFOPLIST_FILE = TiogaFolios/Info.plist;
				INFOPLIST_KEY_LSApplicationCategoryType = "public.app-category.lifestyle";
				INFOPLIST_KEY_NSCameraUsageDescription = "Use camera to scan paper documents";
				INFOPLIST_KEY_UIApplicationSupportsIndirectInputEvents = YES;
				INFOPLIST_KEY_UILaunchScreen_Generation = YES;
				INFOPLIST_KEY_UISupportedInterfaceOrientations_iPad = "UIInterfaceOrientationPortrait UIInterfaceOrientationPortraitUpsideDown UIInterfaceOrientationLandscapeLeft UIInterfaceOrientationLandscapeRight";
				INFOPLIST_KEY_UISupportedInterfaceOrientations_iPhone = "UIInterfaceOrientationPortrait UIInterfaceOrientationLandscapeLeft UIInterfaceOrientationLandscapeRight";
				IPHONEOS_DEPLOYMENT_TARGET = 15.6;
				LD_RUNPATH_SEARCH_PATHS = (
					"$(inherited)",
					"@executable_path/Frameworks",
				);
				MARKETING_VERSION = 1.0;
				PRODUCT_BUNDLE_IDENTIFIER = co.tioga.TiogaFolios;
				PRODUCT_NAME = "$(TARGET_NAME)";
				SWIFT_EMIT_LOC_STRINGS = YES;
				SWIFT_VERSION = 5.0;
				TARGETED_DEVICE_FAMILY = "1,2";
			};
			name = Release;
		};
		5C323970292431A300619645 /* Debug */ = {
			isa = XCBuildConfiguration;
			buildSettings = {
				ALWAYS_EMBED_SWIFT_STANDARD_LIBRARIES = YES;
				BUNDLE_LOADER = "$(TEST_HOST)";
				CODE_SIGN_STYLE = Automatic;
				CURRENT_PROJECT_VERSION = 1;
				DEVELOPMENT_TEAM = S7ZKK95T9U;
				GENERATE_INFOPLIST_FILE = YES;
				IPHONEOS_DEPLOYMENT_TARGET = 16.0;
				MARKETING_VERSION = 1.0;
				PRODUCT_BUNDLE_IDENTIFIER = co.tioga.TiogaFoliosTests;
				PRODUCT_NAME = "$(TARGET_NAME)";
				SWIFT_EMIT_LOC_STRINGS = NO;
				SWIFT_VERSION = 5.0;
				TARGETED_DEVICE_FAMILY = "1,2";
				TEST_HOST = "$(BUILT_PRODUCTS_DIR)/TiogaFolios.app/$(BUNDLE_EXECUTABLE_FOLDER_PATH)/TiogaFolios";
			};
			name = Debug;
		};
		5C323971292431A300619645 /* Release */ = {
			isa = XCBuildConfiguration;
			buildSettings = {
				ALWAYS_EMBED_SWIFT_STANDARD_LIBRARIES = YES;
				BUNDLE_LOADER = "$(TEST_HOST)";
				CODE_SIGN_STYLE = Automatic;
				CURRENT_PROJECT_VERSION = 1;
				DEVELOPMENT_TEAM = S7ZKK95T9U;
				GENERATE_INFOPLIST_FILE = YES;
				IPHONEOS_DEPLOYMENT_TARGET = 16.0;
				MARKETING_VERSION = 1.0;
				PRODUCT_BUNDLE_IDENTIFIER = co.tioga.TiogaFoliosTests;
				PRODUCT_NAME = "$(TARGET_NAME)";
				SWIFT_EMIT_LOC_STRINGS = NO;
				SWIFT_VERSION = 5.0;
				TARGETED_DEVICE_FAMILY = "1,2";
				TEST_HOST = "$(BUILT_PRODUCTS_DIR)/TiogaFolios.app/$(BUNDLE_EXECUTABLE_FOLDER_PATH)/TiogaFolios";
			};
			name = Release;
		};
		5C323973292431A300619645 /* Debug */ = {
			isa = XCBuildConfiguration;
			buildSettings = {
				ALWAYS_EMBED_SWIFT_STANDARD_LIBRARIES = YES;
				CODE_SIGN_STYLE = Automatic;
				CURRENT_PROJECT_VERSION = 1;
				DEVELOPMENT_TEAM = S7ZKK95T9U;
				GENERATE_INFOPLIST_FILE = YES;
				MARKETING_VERSION = 1.0;
				PRODUCT_BUNDLE_IDENTIFIER = co.tioga.TiogaFoliosUITests;
				PRODUCT_NAME = "$(TARGET_NAME)";
				SWIFT_EMIT_LOC_STRINGS = NO;
				SWIFT_VERSION = 5.0;
				TARGETED_DEVICE_FAMILY = "1,2";
				TEST_TARGET_NAME = TiogaFolios;
			};
			name = Debug;
		};
		5C323974292431A300619645 /* Release */ = {
			isa = XCBuildConfiguration;
			buildSettings = {
				ALWAYS_EMBED_SWIFT_STANDARD_LIBRARIES = YES;
				CODE_SIGN_STYLE = Automatic;
				CURRENT_PROJECT_VERSION = 1;
				DEVELOPMENT_TEAM = S7ZKK95T9U;
				GENERATE_INFOPLIST_FILE = YES;
				MARKETING_VERSION = 1.0;
				PRODUCT_BUNDLE_IDENTIFIER = co.tioga.TiogaFoliosUITests;
				PRODUCT_NAME = "$(TARGET_NAME)";
				SWIFT_EMIT_LOC_STRINGS = NO;
				SWIFT_VERSION = 5.0;
				TARGETED_DEVICE_FAMILY = "1,2";
				TEST_TARGET_NAME = TiogaFolios;
			};
			name = Release;
		};
		5C3EF873292BDCA4007CAAB6 /* Debug */ = {
			isa = XCBuildConfiguration;
			buildSettings = {
				CODE_SIGN_ENTITLEMENTS = "Archive It/Archive It.entitlements";
				CODE_SIGN_STYLE = Automatic;
				CURRENT_PROJECT_VERSION = 20000059;
				DEVELOPMENT_TEAM = S7ZKK95T9U;
				GENERATE_INFOPLIST_FILE = YES;
				INFOPLIST_FILE = "Archive It/Info.plist";
				INFOPLIST_KEY_CFBundleDisplayName = "Archive It";
				INFOPLIST_KEY_NSHumanReadableCopyright = "";
				IPHONEOS_DEPLOYMENT_TARGET = 15.6;
				LD_RUNPATH_SEARCH_PATHS = (
					"$(inherited)",
					"@executable_path/Frameworks",
					"@executable_path/../../Frameworks",
				);
				MARKETING_VERSION = 1.0;
				PRODUCT_BUNDLE_IDENTIFIER = "co.tioga.TiogaFolios.Archive-It";
				PRODUCT_NAME = "$(TARGET_NAME)";
				SKIP_INSTALL = YES;
				SWIFT_EMIT_LOC_STRINGS = YES;
				SWIFT_VERSION = 5.0;
				TARGETED_DEVICE_FAMILY = "1,2";
			};
			name = Debug;
		};
		5C3EF874292BDCA4007CAAB6 /* Release */ = {
			isa = XCBuildConfiguration;
			buildSettings = {
				CODE_SIGN_ENTITLEMENTS = "Archive It/Archive It.entitlements";
				CODE_SIGN_STYLE = Automatic;
				CURRENT_PROJECT_VERSION = 20000059;
				DEVELOPMENT_TEAM = S7ZKK95T9U;
				GENERATE_INFOPLIST_FILE = YES;
				INFOPLIST_FILE = "Archive It/Info.plist";
				INFOPLIST_KEY_CFBundleDisplayName = "Archive It";
				INFOPLIST_KEY_NSHumanReadableCopyright = "";
				IPHONEOS_DEPLOYMENT_TARGET = 15.6;
				LD_RUNPATH_SEARCH_PATHS = (
					"$(inherited)",
					"@executable_path/Frameworks",
					"@executable_path/../../Frameworks",
				);
				MARKETING_VERSION = 1.0;
				PRODUCT_BUNDLE_IDENTIFIER = "co.tioga.TiogaFolios.Archive-It";
				PRODUCT_NAME = "$(TARGET_NAME)";
				SKIP_INSTALL = YES;
				SWIFT_EMIT_LOC_STRINGS = YES;
				SWIFT_VERSION = 5.0;
				TARGETED_DEVICE_FAMILY = "1,2";
			};
			name = Release;
		};
/* End XCBuildConfiguration section */

/* Begin XCConfigurationList section */
		5C32393D292431A100619645 /* Build configuration list for PBXProject "TiogaFolios" */ = {
			isa = XCConfigurationList;
			buildConfigurations = (
				5C32396A292431A300619645 /* Debug */,
				5C32396B292431A300619645 /* Release */,
			);
			defaultConfigurationIsVisible = 0;
			defaultConfigurationName = Release;
		};
		5C32396C292431A300619645 /* Build configuration list for PBXNativeTarget "TiogaFolios" */ = {
			isa = XCConfigurationList;
			buildConfigurations = (
				5C32396D292431A300619645 /* Debug */,
				5C32396E292431A300619645 /* Release */,
			);
			defaultConfigurationIsVisible = 0;
			defaultConfigurationName = Release;
		};
		5C32396F292431A300619645 /* Build configuration list for PBXNativeTarget "TiogaFoliosTests" */ = {
			isa = XCConfigurationList;
			buildConfigurations = (
				5C323970292431A300619645 /* Debug */,
				5C323971292431A300619645 /* Release */,
			);
			defaultConfigurationIsVisible = 0;
			defaultConfigurationName = Release;
		};
		5C323972292431A300619645 /* Build configuration list for PBXNativeTarget "TiogaFoliosUITests" */ = {
			isa = XCConfigurationList;
			buildConfigurations = (
				5C323973292431A300619645 /* Debug */,
				5C323974292431A300619645 /* Release */,
			);
			defaultConfigurationIsVisible = 0;
			defaultConfigurationName = Release;
		};
		5C3EF872292BDCA4007CAAB6 /* Build configuration list for PBXNativeTarget "Archive It" */ = {
			isa = XCConfigurationList;
			buildConfigurations = (
				5C3EF873292BDCA4007CAAB6 /* Debug */,
				5C3EF874292BDCA4007CAAB6 /* Release */,
			);
			defaultConfigurationIsVisible = 0;
			defaultConfigurationName = Release;
		};
/* End XCConfigurationList section */

/* Begin XCVersionGroup section */
		5C323950292431A300619645 /* TiogaFolios.xcdatamodeld */ = {
			isa = XCVersionGroup;
			children = (
				5C323951292431A300619645 /* TiogaFolios.xcdatamodel */,
			);
			currentVersion = 5C323951292431A300619645 /* TiogaFolios.xcdatamodel */;
			path = TiogaFolios.xcdatamodeld;
			sourceTree = "<group>";
			versionGroupType = wrapper.xcdatamodel;
		};
/* End XCVersionGroup section */
	};
	rootObject = 5C32393A292431A100619645 /* Project object */;
}
